// !$*UTF8*$!
{
	archiveVersion = 1;
	classes = {
	};
	objectVersion = 50;
	objects = {

/* Begin PBXBuildFile section */
		75247FEF21FB6DC100D8598A /* UploadKit.framework in Frameworks */ = {isa = PBXBuildFile; fileRef = 75247FE521FB6DC000D8598A /* UploadKit.framework */; };
		75247FF421FB6DC100D8598A /* UploadKitTests.swift in Sources */ = {isa = PBXBuildFile; fileRef = 75247FF321FB6DC100D8598A /* UploadKitTests.swift */; };
		75247FF621FB6DC100D8598A /* UploadKit.h in Headers */ = {isa = PBXBuildFile; fileRef = 75247FE821FB6DC000D8598A /* UploadKit.h */; settings = {ATTRIBUTES = (Public, ); }; };
		7524800521FB77BF00D8598A /* Alamofire.framework in Frameworks */ = {isa = PBXBuildFile; fileRef = 7524800421FB77BF00D8598A /* Alamofire.framework */; };
		7524800821FB7BB600D8598A /* BaseAPI.swift in Sources */ = {isa = PBXBuildFile; fileRef = 7524800721FB7BB600D8598A /* BaseAPI.swift */; };
		7524800A21FB877000D8598A /* Constants.swift in Sources */ = {isa = PBXBuildFile; fileRef = 7524800921FB877000D8598A /* Constants.swift */; };
		7524801521FB8B3300D8598A /* Localizable.strings in Resources */ = {isa = PBXBuildFile; fileRef = 7524801721FB8B3300D8598A /* Localizable.strings */; };
		7524801B21FB8F4300D8598A /* RequestObject.swift in Sources */ = {isa = PBXBuildFile; fileRef = 7524801A21FB8F4300D8598A /* RequestObject.swift */; };
		7524801E21FB907400D8598A /* RequestInteractor.swift in Sources */ = {isa = PBXBuildFile; fileRef = 7524801D21FB907400D8598A /* RequestInteractor.swift */; };
		75C8A0B52204AB960017E623 /* NetWorkManager.h in Headers */ = {isa = PBXBuildFile; fileRef = 75C8A0B32204AB960017E623 /* NetWorkManager.h */; settings = {ATTRIBUTES = (Public, ); }; };
		75C8A0B62204AB960017E623 /* NetWorkManager.m in Sources */ = {isa = PBXBuildFile; fileRef = 75C8A0B42204AB960017E623 /* NetWorkManager.m */; };
		75C8A0B92204C97B0017E623 /* DataStore.swift in Sources */ = {isa = PBXBuildFile; fileRef = 75C8A0B82204C97B0017E623 /* DataStore.swift */; };
		75C8A0BC2204CCCF0017E623 /* UploadKit.xcdatamodeld in Sources */ = {isa = PBXBuildFile; fileRef = 75C8A0BA2204CCCF0017E623 /* UploadKit.xcdatamodeld */; };
		75C8A0C42204EA160017E623 /* AppDelegate.swift in Sources */ = {isa = PBXBuildFile; fileRef = 75C8A0C32204EA160017E623 /* AppDelegate.swift */; };
		75C8A0C62204EA160017E623 /* ViewController.swift in Sources */ = {isa = PBXBuildFile; fileRef = 75C8A0C52204EA160017E623 /* ViewController.swift */; };
		75C8A0C92204EA160017E623 /* Main.storyboard in Resources */ = {isa = PBXBuildFile; fileRef = 75C8A0C72204EA160017E623 /* Main.storyboard */; };
		75C8A0CB2204EA170017E623 /* Assets.xcassets in Resources */ = {isa = PBXBuildFile; fileRef = 75C8A0CA2204EA170017E623 /* Assets.xcassets */; };
		75C8A0CE2204EA170017E623 /* LaunchScreen.storyboard in Resources */ = {isa = PBXBuildFile; fileRef = 75C8A0CC2204EA170017E623 /* LaunchScreen.storyboard */; };
		75C8A0E32204ED4C0017E623 /* UploadKit.framework in Frameworks */ = {isa = PBXBuildFile; fileRef = 75247FE521FB6DC000D8598A /* UploadKit.framework */; };
		75C8A0E42204ED4C0017E623 /* UploadKit.framework in Embed Frameworks */ = {isa = PBXBuildFile; fileRef = 75247FE521FB6DC000D8598A /* UploadKit.framework */; settings = {ATTRIBUTES = (CodeSignOnCopy, RemoveHeadersOnCopy, ); }; };
		75C8A0E82205012A0017E623 /* UploadKit.xcdatamodeld in Sources */ = {isa = PBXBuildFile; fileRef = 75C8A0BA2204CCCF0017E623 /* UploadKit.xcdatamodeld */; };
		75C8A0E92205012B0017E623 /* UploadKit.xcdatamodeld in Sources */ = {isa = PBXBuildFile; fileRef = 75C8A0BA2204CCCF0017E623 /* UploadKit.xcdatamodeld */; };
		75C8A0EC2208A6080017E623 /* UploadKit.swift in Sources */ = {isa = PBXBuildFile; fileRef = 75C8A0EB2208A6080017E623 /* UploadKit.swift */; };
/* End PBXBuildFile section */

/* Begin PBXContainerItemProxy section */
		75247FF021FB6DC100D8598A /* PBXContainerItemProxy */ = {
			isa = PBXContainerItemProxy;
			containerPortal = 75247FDC21FB6DC000D8598A /* Project object */;
			proxyType = 1;
			remoteGlobalIDString = 75247FE421FB6DC000D8598A;
			remoteInfo = UploadKit;
		};
		75C8A0E52204ED4C0017E623 /* PBXContainerItemProxy */ = {
			isa = PBXContainerItemProxy;
			containerPortal = 75247FDC21FB6DC000D8598A /* Project object */;
			proxyType = 1;
			remoteGlobalIDString = 75247FE421FB6DC000D8598A;
			remoteInfo = UploadKit;
		};
/* End PBXContainerItemProxy section */

/* Begin PBXCopyFilesBuildPhase section */
		75C8A0E72204ED4C0017E623 /* Embed Frameworks */ = {
			isa = PBXCopyFilesBuildPhase;
			buildActionMask = 2147483647;
			dstPath = "";
			dstSubfolderSpec = 10;
			files = (
				75C8A0E42204ED4C0017E623 /* UploadKit.framework in Embed Frameworks */,
			);
			name = "Embed Frameworks";
			runOnlyForDeploymentPostprocessing = 0;
		};
/* End PBXCopyFilesBuildPhase section */

/* Begin PBXFileReference section */
		75247FE521FB6DC000D8598A /* UploadKit.framework */ = {isa = PBXFileReference; explicitFileType = wrapper.framework; includeInIndex = 0; path = UploadKit.framework; sourceTree = BUILT_PRODUCTS_DIR; };
		75247FE821FB6DC000D8598A /* UploadKit.h */ = {isa = PBXFileReference; lastKnownFileType = sourcecode.c.h; path = UploadKit.h; sourceTree = "<group>"; };
		75247FE921FB6DC000D8598A /* Info.plist */ = {isa = PBXFileReference; lastKnownFileType = text.plist.xml; path = Info.plist; sourceTree = "<group>"; };
		75247FEE21FB6DC100D8598A /* UploadKitTests.xctest */ = {isa = PBXFileReference; explicitFileType = wrapper.cfbundle; includeInIndex = 0; path = UploadKitTests.xctest; sourceTree = BUILT_PRODUCTS_DIR; };
		75247FF321FB6DC100D8598A /* UploadKitTests.swift */ = {isa = PBXFileReference; lastKnownFileType = sourcecode.swift; path = UploadKitTests.swift; sourceTree = "<group>"; };
		75247FF521FB6DC100D8598A /* Info.plist */ = {isa = PBXFileReference; lastKnownFileType = text.plist.xml; path = Info.plist; sourceTree = "<group>"; };
		7524800421FB77BF00D8598A /* Alamofire.framework */ = {isa = PBXFileReference; lastKnownFileType = wrapper.framework; name = Alamofire.framework; path = Carthage/Build/iOS/Alamofire.framework; sourceTree = "<group>"; };
		7524800721FB7BB600D8598A /* BaseAPI.swift */ = {isa = PBXFileReference; lastKnownFileType = sourcecode.swift; path = BaseAPI.swift; sourceTree = "<group>"; };
		7524800921FB877000D8598A /* Constants.swift */ = {isa = PBXFileReference; lastKnownFileType = sourcecode.swift; path = Constants.swift; sourceTree = "<group>"; };
		7524801621FB8B3300D8598A /* en */ = {isa = PBXFileReference; lastKnownFileType = text.plist.strings; name = en; path = en.lproj/Localizable.strings; sourceTree = "<group>"; };
		7524801821FB8B3800D8598A /* pt-BR */ = {isa = PBXFileReference; lastKnownFileType = text.plist.strings; name = "pt-BR"; path = "pt-BR.lproj/Localizable.strings"; sourceTree = "<group>"; };
		7524801A21FB8F4300D8598A /* RequestObject.swift */ = {isa = PBXFileReference; lastKnownFileType = sourcecode.swift; path = RequestObject.swift; sourceTree = "<group>"; };
		7524801D21FB907400D8598A /* RequestInteractor.swift */ = {isa = PBXFileReference; lastKnownFileType = sourcecode.swift; path = RequestInteractor.swift; sourceTree = "<group>"; };
		75C8A0B32204AB960017E623 /* NetWorkManager.h */ = {isa = PBXFileReference; fileEncoding = 4; lastKnownFileType = sourcecode.c.h; path = NetWorkManager.h; sourceTree = "<group>"; };
		75C8A0B42204AB960017E623 /* NetWorkManager.m */ = {isa = PBXFileReference; fileEncoding = 4; lastKnownFileType = sourcecode.c.objc; path = NetWorkManager.m; sourceTree = "<group>"; };
		75C8A0B82204C97B0017E623 /* DataStore.swift */ = {isa = PBXFileReference; lastKnownFileType = sourcecode.swift; path = DataStore.swift; sourceTree = "<group>"; };
		75C8A0BB2204CCCF0017E623 /* UploadKit.xcdatamodel */ = {isa = PBXFileReference; lastKnownFileType = wrapper.xcdatamodel; path = UploadKit.xcdatamodel; sourceTree = "<group>"; };
		75C8A0C12204EA150017E623 /* UploadKitExample.app */ = {isa = PBXFileReference; explicitFileType = wrapper.application; includeInIndex = 0; path = UploadKitExample.app; sourceTree = BUILT_PRODUCTS_DIR; };
		75C8A0C32204EA160017E623 /* AppDelegate.swift */ = {isa = PBXFileReference; lastKnownFileType = sourcecode.swift; path = AppDelegate.swift; sourceTree = "<group>"; };
		75C8A0C52204EA160017E623 /* ViewController.swift */ = {isa = PBXFileReference; lastKnownFileType = sourcecode.swift; path = ViewController.swift; sourceTree = "<group>"; };
		75C8A0C82204EA160017E623 /* Base */ = {isa = PBXFileReference; lastKnownFileType = file.storyboard; name = Base; path = Base.lproj/Main.storyboard; sourceTree = "<group>"; };
		75C8A0CA2204EA170017E623 /* Assets.xcassets */ = {isa = PBXFileReference; lastKnownFileType = folder.assetcatalog; path = Assets.xcassets; sourceTree = "<group>"; };
		75C8A0CD2204EA170017E623 /* Base */ = {isa = PBXFileReference; lastKnownFileType = file.storyboard; name = Base; path = Base.lproj/LaunchScreen.storyboard; sourceTree = "<group>"; };
		75C8A0CF2204EA170017E623 /* Info.plist */ = {isa = PBXFileReference; lastKnownFileType = text.plist.xml; path = Info.plist; sourceTree = "<group>"; };
		75C8A0EB2208A6080017E623 /* UploadKit.swift */ = {isa = PBXFileReference; lastKnownFileType = sourcecode.swift; path = UploadKit.swift; sourceTree = "<group>"; };
/* End PBXFileReference section */

/* Begin PBXFrameworksBuildPhase section */
		75247FE221FB6DC000D8598A /* Frameworks */ = {
			isa = PBXFrameworksBuildPhase;
			buildActionMask = 2147483647;
			files = (
				7524800521FB77BF00D8598A /* Alamofire.framework in Frameworks */,
			);
			runOnlyForDeploymentPostprocessing = 0;
		};
		75247FEB21FB6DC100D8598A /* Frameworks */ = {
			isa = PBXFrameworksBuildPhase;
			buildActionMask = 2147483647;
			files = (
				75247FEF21FB6DC100D8598A /* UploadKit.framework in Frameworks */,
			);
			runOnlyForDeploymentPostprocessing = 0;
		};
		75C8A0BE2204EA150017E623 /* Frameworks */ = {
			isa = PBXFrameworksBuildPhase;
			buildActionMask = 2147483647;
			files = (
				75C8A0E32204ED4C0017E623 /* UploadKit.framework in Frameworks */,
			);
			runOnlyForDeploymentPostprocessing = 0;
		};
/* End PBXFrameworksBuildPhase section */

/* Begin PBXGroup section */
		75247FDB21FB6DC000D8598A = {
			isa = PBXGroup;
			children = (
				75247FE721FB6DC000D8598A /* UploadKit */,
				75247FF221FB6DC100D8598A /* UploadKitTests */,
				75C8A0C22204EA160017E623 /* UploadKitExample */,
				75247FE621FB6DC000D8598A /* Products */,
				7524800321FB77BF00D8598A /* Frameworks */,
			);
			sourceTree = "<group>";
		};
		75247FE621FB6DC000D8598A /* Products */ = {
			isa = PBXGroup;
			children = (
				75247FE521FB6DC000D8598A /* UploadKit.framework */,
				75247FEE21FB6DC100D8598A /* UploadKitTests.xctest */,
				75C8A0C12204EA150017E623 /* UploadKitExample.app */,
			);
			name = Products;
			sourceTree = "<group>";
		};
		75247FE721FB6DC000D8598A /* UploadKit */ = {
			isa = PBXGroup;
			children = (
				75C8A0EA2208A5E40017E623 /* Interface */,
				7524801C21FB905400D8598A /* Interactor */,
				7524801921FB8D4100D8598A /* Model */,
				7524800021FB6F0C00D8598A /* Data */,
				7524800C21FB883C00D8598A /* Supporting files */,
				7524800B21FB877F00D8598A /* Util */,
			);
			path = UploadKit;
			sourceTree = "<group>";
		};
		75247FF221FB6DC100D8598A /* UploadKitTests */ = {
			isa = PBXGroup;
			children = (
				75247FF321FB6DC100D8598A /* UploadKitTests.swift */,
				75247FF521FB6DC100D8598A /* Info.plist */,
			);
			path = UploadKitTests;
			sourceTree = "<group>";
		};
		7524800021FB6F0C00D8598A /* Data */ = {
			isa = PBXGroup;
			children = (
				7524800221FB74A800D8598A /* API */,
				7524800121FB749E00D8598A /* Local */,
			);
			path = Data;
			sourceTree = "<group>";
		};
		7524800121FB749E00D8598A /* Local */ = {
			isa = PBXGroup;
			children = (
				75C8A0B82204C97B0017E623 /* DataStore.swift */,
				75C8A0BA2204CCCF0017E623 /* UploadKit.xcdatamodeld */,
			);
			path = Local;
			sourceTree = "<group>";
		};
		7524800221FB74A800D8598A /* API */ = {
			isa = PBXGroup;
			children = (
				7524800721FB7BB600D8598A /* BaseAPI.swift */,
			);
			path = API;
			sourceTree = "<group>";
		};
		7524800321FB77BF00D8598A /* Frameworks */ = {
			isa = PBXGroup;
			children = (
				7524800421FB77BF00D8598A /* Alamofire.framework */,
			);
			name = Frameworks;
			sourceTree = "<group>";
		};
		7524800B21FB877F00D8598A /* Util */ = {
			isa = PBXGroup;
			children = (
				75C8A0B42204AB960017E623 /* NetWorkManager.m */,
				7524800921FB877000D8598A /* Constants.swift */,
			);
			path = Util;
			sourceTree = "<group>";
		};
		7524800C21FB883C00D8598A /* Supporting files */ = {
			isa = PBXGroup;
			children = (
				75247FE921FB6DC000D8598A /* Info.plist */,
				75C8A0B32204AB960017E623 /* NetWorkManager.h */,
				75247FE821FB6DC000D8598A /* UploadKit.h */,
				7524801721FB8B3300D8598A /* Localizable.strings */,
			);
			name = "Supporting files";
			sourceTree = "<group>";
		};
		7524801921FB8D4100D8598A /* Model */ = {
			isa = PBXGroup;
			children = (
				7524801A21FB8F4300D8598A /* RequestObject.swift */,
			);
			path = Model;
			sourceTree = "<group>";
		};
		7524801C21FB905400D8598A /* Interactor */ = {
			isa = PBXGroup;
			children = (
				7524801D21FB907400D8598A /* RequestInteractor.swift */,
			);
			path = Interactor;
			sourceTree = "<group>";
		};
		75C8A0C22204EA160017E623 /* UploadKitExample */ = {
			isa = PBXGroup;
			children = (
				75C8A0C32204EA160017E623 /* AppDelegate.swift */,
				75C8A0C52204EA160017E623 /* ViewController.swift */,
				75C8A0C72204EA160017E623 /* Main.storyboard */,
				75C8A0CA2204EA170017E623 /* Assets.xcassets */,
				75C8A0CC2204EA170017E623 /* LaunchScreen.storyboard */,
				75C8A0CF2204EA170017E623 /* Info.plist */,
			);
			path = UploadKitExample;
			sourceTree = "<group>";
		};
		75C8A0EA2208A5E40017E623 /* Interface */ = {
			isa = PBXGroup;
			children = (
				75C8A0EB2208A6080017E623 /* UploadKit.swift */,
			);
			path = Interface;
			sourceTree = "<group>";
		};
/* End PBXGroup section */

/* Begin PBXHeadersBuildPhase section */
		75247FE021FB6DC000D8598A /* Headers */ = {
			isa = PBXHeadersBuildPhase;
			buildActionMask = 2147483647;
			files = (
				75247FF621FB6DC100D8598A /* UploadKit.h in Headers */,
				75C8A0B52204AB960017E623 /* NetWorkManager.h in Headers */,
			);
			runOnlyForDeploymentPostprocessing = 0;
		};
/* End PBXHeadersBuildPhase section */

/* Begin PBXNativeTarget section */
		75247FE421FB6DC000D8598A /* UploadKit */ = {
			isa = PBXNativeTarget;
			buildConfigurationList = 75247FF921FB6DC100D8598A /* Build configuration list for PBXNativeTarget "UploadKit" */;
			buildPhases = (
				75247FE021FB6DC000D8598A /* Headers */,
				75247FE121FB6DC000D8598A /* Sources */,
				75247FE221FB6DC000D8598A /* Frameworks */,
				75247FE321FB6DC000D8598A /* Resources */,
				7524800621FB77D100D8598A /* ShellScript */,
			);
			buildRules = (
			);
			dependencies = (
			);
			name = UploadKit;
			productName = UploadKit;
			productReference = 75247FE521FB6DC000D8598A /* UploadKit.framework */;
			productType = "com.apple.product-type.framework";
		};
		75247FED21FB6DC100D8598A /* UploadKitTests */ = {
			isa = PBXNativeTarget;
			buildConfigurationList = 75247FFC21FB6DC100D8598A /* Build configuration list for PBXNativeTarget "UploadKitTests" */;
			buildPhases = (
				75247FEA21FB6DC100D8598A /* Sources */,
				75247FEB21FB6DC100D8598A /* Frameworks */,
				75247FEC21FB6DC100D8598A /* Resources */,
			);
			buildRules = (
			);
			dependencies = (
				75247FF121FB6DC100D8598A /* PBXTargetDependency */,
			);
			name = UploadKitTests;
			productName = UploadKitTests;
			productReference = 75247FEE21FB6DC100D8598A /* UploadKitTests.xctest */;
			productType = "com.apple.product-type.bundle.unit-test";
		};
		75C8A0C02204EA150017E623 /* UploadKitExample */ = {
			isa = PBXNativeTarget;
			buildConfigurationList = 75C8A0DB2204EA180017E623 /* Build configuration list for PBXNativeTarget "UploadKitExample" */;
			buildPhases = (
				75C8A0BD2204EA150017E623 /* Sources */,
				75C8A0BE2204EA150017E623 /* Frameworks */,
				75C8A0BF2204EA150017E623 /* Resources */,
				75C8A0E72204ED4C0017E623 /* Embed Frameworks */,
			);
			buildRules = (
			);
			dependencies = (
				75C8A0E62204ED4C0017E623 /* PBXTargetDependency */,
			);
			name = UploadKitExample;
			productName = UploadKitExample;
			productReference = 75C8A0C12204EA150017E623 /* UploadKitExample.app */;
			productType = "com.apple.product-type.application";
		};
/* End PBXNativeTarget section */

/* Begin PBXProject section */
		75247FDC21FB6DC000D8598A /* Project object */ = {
			isa = PBXProject;
			attributes = {
				LastSwiftUpdateCheck = 1000;
				LastUpgradeCheck = 1000;
				ORGANIZATIONNAME = "Couto Code";
				TargetAttributes = {
					75247FE421FB6DC000D8598A = {
						CreatedOnToolsVersion = 10.0;
						LastSwiftMigration = 1000;
					};
					75247FED21FB6DC100D8598A = {
						CreatedOnToolsVersion = 10.0;
					};
					75C8A0C02204EA150017E623 = {
						CreatedOnToolsVersion = 10.0;
					};
				};
			};
			buildConfigurationList = 75247FDF21FB6DC000D8598A /* Build configuration list for PBXProject "UploadKit" */;
			compatibilityVersion = "Xcode 9.3";
			developmentRegion = en;
			hasScannedForEncodings = 0;
			knownRegions = (
				en,
				"pt-BR",
				Base,
			);
			mainGroup = 75247FDB21FB6DC000D8598A;
			productRefGroup = 75247FE621FB6DC000D8598A /* Products */;
			projectDirPath = "";
			projectRoot = "";
			targets = (
				75247FE421FB6DC000D8598A /* UploadKit */,
				75247FED21FB6DC100D8598A /* UploadKitTests */,
				75C8A0C02204EA150017E623 /* UploadKitExample */,
			);
		};
/* End PBXProject section */

/* Begin PBXResourcesBuildPhase section */
		75247FE321FB6DC000D8598A /* Resources */ = {
			isa = PBXResourcesBuildPhase;
			buildActionMask = 2147483647;
			files = (
				7524801521FB8B3300D8598A /* Localizable.strings in Resources */,
			);
			runOnlyForDeploymentPostprocessing = 0;
		};
		75247FEC21FB6DC100D8598A /* Resources */ = {
			isa = PBXResourcesBuildPhase;
			buildActionMask = 2147483647;
			files = (
			);
			runOnlyForDeploymentPostprocessing = 0;
		};
		75C8A0BF2204EA150017E623 /* Resources */ = {
			isa = PBXResourcesBuildPhase;
			buildActionMask = 2147483647;
			files = (
				75C8A0CE2204EA170017E623 /* LaunchScreen.storyboard in Resources */,
				75C8A0CB2204EA170017E623 /* Assets.xcassets in Resources */,
				75C8A0C92204EA160017E623 /* Main.storyboard in Resources */,
			);
			runOnlyForDeploymentPostprocessing = 0;
		};
/* End PBXResourcesBuildPhase section */

/* Begin PBXShellScriptBuildPhase section */
		7524800621FB77D100D8598A /* ShellScript */ = {
			isa = PBXShellScriptBuildPhase;
			buildActionMask = 2147483647;
			files = (
			);
			inputFileListPaths = (
			);
			inputPaths = (
				"$(SRCROOT)/Carthage/Build/iOS/Alamofire.framework",
			);
			outputFileListPaths = (
			);
			outputPaths = (
			);
			runOnlyForDeploymentPostprocessing = 0;
			shellPath = /bin/sh;
			shellScript = "/usr/local/bin/carthage copy-frameworks\n";
		};
/* End PBXShellScriptBuildPhase section */

/* Begin PBXSourcesBuildPhase section */
		75247FE121FB6DC000D8598A /* Sources */ = {
			isa = PBXSourcesBuildPhase;
			buildActionMask = 2147483647;
			files = (
				75C8A0BC2204CCCF0017E623 /* UploadKit.xcdatamodeld in Sources */,
				7524800821FB7BB600D8598A /* BaseAPI.swift in Sources */,
				75C8A0B92204C97B0017E623 /* DataStore.swift in Sources */,
				7524800A21FB877000D8598A /* Constants.swift in Sources */,
				7524801E21FB907400D8598A /* RequestInteractor.swift in Sources */,
				7524801B21FB8F4300D8598A /* RequestObject.swift in Sources */,
				75C8A0B62204AB960017E623 /* NetWorkManager.m in Sources */,
				75C8A0EC2208A6080017E623 /* UploadKit.swift in Sources */,
			);
			runOnlyForDeploymentPostprocessing = 0;
		};
		75247FEA21FB6DC100D8598A /* Sources */ = {
			isa = PBXSourcesBuildPhase;
			buildActionMask = 2147483647;
			files = (
				75247FF421FB6DC100D8598A /* UploadKitTests.swift in Sources */,
				75C8A0E92205012B0017E623 /* UploadKit.xcdatamodeld in Sources */,
			);
			runOnlyForDeploymentPostprocessing = 0;
		};
		75C8A0BD2204EA150017E623 /* Sources */ = {
			isa = PBXSourcesBuildPhase;
			buildActionMask = 2147483647;
			files = (
				75C8A0E82205012A0017E623 /* UploadKit.xcdatamodeld in Sources */,
				75C8A0C62204EA160017E623 /* ViewController.swift in Sources */,
				75C8A0C42204EA160017E623 /* AppDelegate.swift in Sources */,
			);
			runOnlyForDeploymentPostprocessing = 0;
		};
/* End PBXSourcesBuildPhase section */

/* Begin PBXTargetDependency section */
		75247FF121FB6DC100D8598A /* PBXTargetDependency */ = {
			isa = PBXTargetDependency;
			target = 75247FE421FB6DC000D8598A /* UploadKit */;
			targetProxy = 75247FF021FB6DC100D8598A /* PBXContainerItemProxy */;
		};
		75C8A0E62204ED4C0017E623 /* PBXTargetDependency */ = {
			isa = PBXTargetDependency;
			target = 75247FE421FB6DC000D8598A /* UploadKit */;
			targetProxy = 75C8A0E52204ED4C0017E623 /* PBXContainerItemProxy */;
		};
/* End PBXTargetDependency section */

/* Begin PBXVariantGroup section */
		7524801721FB8B3300D8598A /* Localizable.strings */ = {
			isa = PBXVariantGroup;
			children = (
				7524801621FB8B3300D8598A /* en */,
				7524801821FB8B3800D8598A /* pt-BR */,
			);
			name = Localizable.strings;
			sourceTree = "<group>";
		};
		75C8A0C72204EA160017E623 /* Main.storyboard */ = {
			isa = PBXVariantGroup;
			children = (
				75C8A0C82204EA160017E623 /* Base */,
			);
			name = Main.storyboard;
			sourceTree = "<group>";
		};
		75C8A0CC2204EA170017E623 /* LaunchScreen.storyboard */ = {
			isa = PBXVariantGroup;
			children = (
				75C8A0CD2204EA170017E623 /* Base */,
			);
			name = LaunchScreen.storyboard;
			sourceTree = "<group>";
		};
/* End PBXVariantGroup section */

/* Begin XCBuildConfiguration section */
		75247FF721FB6DC100D8598A /* Debug */ = {
			isa = XCBuildConfiguration;
			buildSettings = {
				ALWAYS_SEARCH_USER_PATHS = NO;
				CLANG_ANALYZER_LOCALIZABILITY_NONLOCALIZED = YES;
				CLANG_ANALYZER_NONNULL = YES;
				CLANG_ANALYZER_NUMBER_OBJECT_CONVERSION = YES_AGGRESSIVE;
				CLANG_CXX_LANGUAGE_STANDARD = "gnu++14";
				CLANG_CXX_LIBRARY = "libc++";
				CLANG_ENABLE_MODULES = YES;
				CLANG_ENABLE_OBJC_ARC = YES;
				CLANG_ENABLE_OBJC_WEAK = YES;
				CLANG_WARN_BLOCK_CAPTURE_AUTORELEASING = YES;
				CLANG_WARN_BOOL_CONVERSION = YES;
				CLANG_WARN_COMMA = YES;
				CLANG_WARN_CONSTANT_CONVERSION = YES;
				CLANG_WARN_DEPRECATED_OBJC_IMPLEMENTATIONS = YES;
				CLANG_WARN_DIRECT_OBJC_ISA_USAGE = YES_ERROR;
				CLANG_WARN_DOCUMENTATION_COMMENTS = YES;
				CLANG_WARN_EMPTY_BODY = YES;
				CLANG_WARN_ENUM_CONVERSION = YES;
				CLANG_WARN_INFINITE_RECURSION = YES;
				CLANG_WARN_INT_CONVERSION = YES;
				CLANG_WARN_NON_LITERAL_NULL_CONVERSION = YES;
				CLANG_WARN_OBJC_IMPLICIT_RETAIN_SELF = YES;
				CLANG_WARN_OBJC_LITERAL_CONVERSION = YES;
				CLANG_WARN_OBJC_ROOT_CLASS = YES_ERROR;
				CLANG_WARN_RANGE_LOOP_ANALYSIS = YES;
				CLANG_WARN_STRICT_PROTOTYPES = YES;
				CLANG_WARN_SUSPICIOUS_MOVE = YES;
				CLANG_WARN_UNGUARDED_AVAILABILITY = YES_AGGRESSIVE;
				CLANG_WARN_UNREACHABLE_CODE = YES;
				CLANG_WARN__DUPLICATE_METHOD_MATCH = YES;
				CODE_SIGN_IDENTITY = "iPhone Developer";
				COPY_PHASE_STRIP = NO;
				CURRENT_PROJECT_VERSION = 1;
				DEBUG_INFORMATION_FORMAT = dwarf;
				ENABLE_STRICT_OBJC_MSGSEND = YES;
				ENABLE_TESTABILITY = YES;
				GCC_C_LANGUAGE_STANDARD = gnu11;
				GCC_DYNAMIC_NO_PIC = NO;
				GCC_NO_COMMON_BLOCKS = YES;
				GCC_OPTIMIZATION_LEVEL = 0;
				GCC_PREPROCESSOR_DEFINITIONS = (
					"DEBUG=1",
					"$(inherited)",
				);
				GCC_WARN_64_TO_32_BIT_CONVERSION = YES;
				GCC_WARN_ABOUT_RETURN_TYPE = YES_ERROR;
				GCC_WARN_UNDECLARED_SELECTOR = YES;
				GCC_WARN_UNINITIALIZED_AUTOS = YES_AGGRESSIVE;
				GCC_WARN_UNUSED_FUNCTION = YES;
				GCC_WARN_UNUSED_VARIABLE = YES;
				IPHONEOS_DEPLOYMENT_TARGET = 12.0;
				MTL_ENABLE_DEBUG_INFO = INCLUDE_SOURCE;
				MTL_FAST_MATH = YES;
				ONLY_ACTIVE_ARCH = YES;
				SDKROOT = iphoneos;
				SWIFT_ACTIVE_COMPILATION_CONDITIONS = DEBUG;
				SWIFT_OPTIMIZATION_LEVEL = "-Onone";
				VERSIONING_SYSTEM = "apple-generic";
				VERSION_INFO_PREFIX = "";
			};
			name = Debug;
		};
		75247FF821FB6DC100D8598A /* Release */ = {
			isa = XCBuildConfiguration;
			buildSettings = {
				ALWAYS_SEARCH_USER_PATHS = NO;
				CLANG_ANALYZER_LOCALIZABILITY_NONLOCALIZED = YES;
				CLANG_ANALYZER_NONNULL = YES;
				CLANG_ANALYZER_NUMBER_OBJECT_CONVERSION = YES_AGGRESSIVE;
				CLANG_CXX_LANGUAGE_STANDARD = "gnu++14";
				CLANG_CXX_LIBRARY = "libc++";
				CLANG_ENABLE_MODULES = YES;
				CLANG_ENABLE_OBJC_ARC = YES;
				CLANG_ENABLE_OBJC_WEAK = YES;
				CLANG_WARN_BLOCK_CAPTURE_AUTORELEASING = YES;
				CLANG_WARN_BOOL_CONVERSION = YES;
				CLANG_WARN_COMMA = YES;
				CLANG_WARN_CONSTANT_CONVERSION = YES;
				CLANG_WARN_DEPRECATED_OBJC_IMPLEMENTATIONS = YES;
				CLANG_WARN_DIRECT_OBJC_ISA_USAGE = YES_ERROR;
				CLANG_WARN_DOCUMENTATION_COMMENTS = YES;
				CLANG_WARN_EMPTY_BODY = YES;
				CLANG_WARN_ENUM_CONVERSION = YES;
				CLANG_WARN_INFINITE_RECURSION = YES;
				CLANG_WARN_INT_CONVERSION = YES;
				CLANG_WARN_NON_LITERAL_NULL_CONVERSION = YES;
				CLANG_WARN_OBJC_IMPLICIT_RETAIN_SELF = YES;
				CLANG_WARN_OBJC_LITERAL_CONVERSION = YES;
				CLANG_WARN_OBJC_ROOT_CLASS = YES_ERROR;
				CLANG_WARN_RANGE_LOOP_ANALYSIS = YES;
				CLANG_WARN_STRICT_PROTOTYPES = YES;
				CLANG_WARN_SUSPICIOUS_MOVE = YES;
				CLANG_WARN_UNGUARDED_AVAILABILITY = YES_AGGRESSIVE;
				CLANG_WARN_UNREACHABLE_CODE = YES;
				CLANG_WARN__DUPLICATE_METHOD_MATCH = YES;
				CODE_SIGN_IDENTITY = "iPhone Developer";
				COPY_PHASE_STRIP = NO;
				CURRENT_PROJECT_VERSION = 1;
				DEBUG_INFORMATION_FORMAT = "dwarf-with-dsym";
				ENABLE_NS_ASSERTIONS = NO;
				ENABLE_STRICT_OBJC_MSGSEND = YES;
				GCC_C_LANGUAGE_STANDARD = gnu11;
				GCC_NO_COMMON_BLOCKS = YES;
				GCC_WARN_64_TO_32_BIT_CONVERSION = YES;
				GCC_WARN_ABOUT_RETURN_TYPE = YES_ERROR;
				GCC_WARN_UNDECLARED_SELECTOR = YES;
				GCC_WARN_UNINITIALIZED_AUTOS = YES_AGGRESSIVE;
				GCC_WARN_UNUSED_FUNCTION = YES;
				GCC_WARN_UNUSED_VARIABLE = YES;
				IPHONEOS_DEPLOYMENT_TARGET = 12.0;
				MTL_ENABLE_DEBUG_INFO = NO;
				MTL_FAST_MATH = YES;
				SDKROOT = iphoneos;
				SWIFT_COMPILATION_MODE = wholemodule;
				SWIFT_OPTIMIZATION_LEVEL = "-O";
				VALIDATE_PRODUCT = YES;
				VERSIONING_SYSTEM = "apple-generic";
				VERSION_INFO_PREFIX = "";
			};
			name = Release;
		};
		75247FFA21FB6DC100D8598A /* Debug */ = {
			isa = XCBuildConfiguration;
			buildSettings = {
				CLANG_ENABLE_MODULES = YES;
				CODE_SIGN_IDENTITY = "";
				CODE_SIGN_STYLE = Automatic;
				DEFINES_MODULE = YES;
				DEVELOPMENT_TEAM = VNZYKRW4QR;
				DYLIB_COMPATIBILITY_VERSION = 1;
				DYLIB_CURRENT_VERSION = 1;
				DYLIB_INSTALL_NAME_BASE = "@rpath";
				FRAMEWORK_SEARCH_PATHS = (
					"$(inherited)",
					"$(PROJECT_DIR)/Carthage/Build/iOS",
				);
				INFOPLIST_FILE = UploadKit/Info.plist;
				INSTALL_PATH = "$(LOCAL_LIBRARY_DIR)/Frameworks";
				LD_RUNPATH_SEARCH_PATHS = (
					"$(inherited)",
					"@executable_path/Frameworks",
					"@loader_path/Frameworks",
				);
				PRODUCT_BUNDLE_IDENTIFIER = com.coutocode.UploadKit;
				PRODUCT_NAME = "$(TARGET_NAME:c99extidentifier)";
				SKIP_INSTALL = YES;
				SWIFT_OBJC_BRIDGING_HEADER = "";
				SWIFT_OPTIMIZATION_LEVEL = "-Onone";
				SWIFT_VERSION = 4.2;
				TARGETED_DEVICE_FAMILY = "1,2";
			};
			name = Debug;
		};
		75247FFB21FB6DC100D8598A /* Release */ = {
			isa = XCBuildConfiguration;
			buildSettings = {
				CLANG_ENABLE_MODULES = YES;
				CODE_SIGN_IDENTITY = "";
				CODE_SIGN_STYLE = Automatic;
				DEFINES_MODULE = YES;
				DEVELOPMENT_TEAM = VNZYKRW4QR;
				DYLIB_COMPATIBILITY_VERSION = 1;
				DYLIB_CURRENT_VERSION = 1;
				DYLIB_INSTALL_NAME_BASE = "@rpath";
				FRAMEWORK_SEARCH_PATHS = (
					"$(inherited)",
					"$(PROJECT_DIR)/Carthage/Build/iOS",
				);
				INFOPLIST_FILE = UploadKit/Info.plist;
				INSTALL_PATH = "$(LOCAL_LIBRARY_DIR)/Frameworks";
				LD_RUNPATH_SEARCH_PATHS = (
					"$(inherited)",
					"@executable_path/Frameworks",
					"@loader_path/Frameworks",
				);
				PRODUCT_BUNDLE_IDENTIFIER = com.coutocode.UploadKit;
				PRODUCT_NAME = "$(TARGET_NAME:c99extidentifier)";
				SKIP_INSTALL = YES;
				SWIFT_OBJC_BRIDGING_HEADER = "";
				SWIFT_VERSION = 4.2;
				TARGETED_DEVICE_FAMILY = "1,2";
			};
			name = Release;
		};
		75247FFD21FB6DC100D8598A /* Debug */ = {
			isa = XCBuildConfiguration;
			buildSettings = {
				ALWAYS_EMBED_SWIFT_STANDARD_LIBRARIES = YES;
				CODE_SIGN_STYLE = Automatic;
				DEVELOPMENT_TEAM = VNZYKRW4QR;
				INFOPLIST_FILE = UploadKitTests/Info.plist;
				LD_RUNPATH_SEARCH_PATHS = (
					"$(inherited)",
					"@executable_path/Frameworks",
					"@loader_path/Frameworks",
				);
				PRODUCT_BUNDLE_IDENTIFIER = com.coutocode.UploadKitTests;
				PRODUCT_NAME = "$(TARGET_NAME)";
				SWIFT_VERSION = 4.2;
				TARGETED_DEVICE_FAMILY = "1,2";
			};
			name = Debug;
		};
		75247FFE21FB6DC100D8598A /* Release */ = {
			isa = XCBuildConfiguration;
			buildSettings = {
				ALWAYS_EMBED_SWIFT_STANDARD_LIBRARIES = YES;
				CODE_SIGN_STYLE = Automatic;
				DEVELOPMENT_TEAM = VNZYKRW4QR;
				INFOPLIST_FILE = UploadKitTests/Info.plist;
				LD_RUNPATH_SEARCH_PATHS = (
					"$(inherited)",
					"@executable_path/Frameworks",
					"@loader_path/Frameworks",
				);
				PRODUCT_BUNDLE_IDENTIFIER = com.coutocode.UploadKitTests;
				PRODUCT_NAME = "$(TARGET_NAME)";
				SWIFT_VERSION = 4.2;
				TARGETED_DEVICE_FAMILY = "1,2";
			};
			name = Release;
		};
		75C8A0DC2204EA180017E623 /* Debug */ = {
			isa = XCBuildConfiguration;
			buildSettings = {
				ALWAYS_EMBED_SWIFT_STANDARD_LIBRARIES = YES;
				ASSETCATALOG_COMPILER_APPICON_NAME = AppIcon;
				CODE_SIGN_STYLE = Automatic;
				DEVELOPMENT_TEAM = VNZYKRW4QR;
				INFOPLIST_FILE = UploadKitExample/Info.plist;
				LD_RUNPATH_SEARCH_PATHS = (
					"$(inherited)",
					"@executable_path/Frameworks",
				);
				PRODUCT_BUNDLE_IDENTIFIER = com.coutocode.UploadKitExample;
				PRODUCT_NAME = "$(TARGET_NAME)";
				SWIFT_VERSION = 4.2;
				TARGETED_DEVICE_FAMILY = "1,2";
			};
			name = Debug;
		};
		75C8A0DD2204EA180017E623 /* Release */ = {
			isa = XCBuildConfiguration;
			buildSettings = {
				ALWAYS_EMBED_SWIFT_STANDARD_LIBRARIES = YES;
				ASSETCATALOG_COMPILER_APPICON_NAME = AppIcon;
				CODE_SIGN_STYLE = Automatic;
				DEVELOPMENT_TEAM = VNZYKRW4QR;
				INFOPLIST_FILE = UploadKitExample/Info.plist;
				LD_RUNPATH_SEARCH_PATHS = (
					"$(inherited)",
					"@executable_path/Frameworks",
				);
				PRODUCT_BUNDLE_IDENTIFIER = com.coutocode.UploadKitExample;
				PRODUCT_NAME = "$(TARGET_NAME)";
				SWIFT_VERSION = 4.2;
				TARGETED_DEVICE_FAMILY = "1,2";
			};
			name = Release;
		};
/* End XCBuildConfiguration section */

/* Begin XCConfigurationList section */
		75247FDF21FB6DC000D8598A /* Build configuration list for PBXProject "UploadKit" */ = {
			isa = XCConfigurationList;
			buildConfigurations = (
				75247FF721FB6DC100D8598A /* Debug */,
				75247FF821FB6DC100D8598A /* Release */,
			);
			defaultConfigurationIsVisible = 0;
			defaultConfigurationName = Release;
		};
		75247FF921FB6DC100D8598A /* Build configuration list for PBXNativeTarget "UploadKit" */ = {
			isa = XCConfigurationList;
			buildConfigurations = (
				75247FFA21FB6DC100D8598A /* Debug */,
				75247FFB21FB6DC100D8598A /* Release */,
			);
			defaultConfigurationIsVisible = 0;
			defaultConfigurationName = Release;
		};
		75247FFC21FB6DC100D8598A /* Build configuration list for PBXNativeTarget "UploadKitTests" */ = {
			isa = XCConfigurationList;
			buildConfigurations = (
				75247FFD21FB6DC100D8598A /* Debug */,
				75247FFE21FB6DC100D8598A /* Release */,
			);
			defaultConfigurationIsVisible = 0;
			defaultConfigurationName = Release;
		};
		75C8A0DB2204EA180017E623 /* Build configuration list for PBXNativeTarget "UploadKitExample" */ = {
			isa = XCConfigurationList;
			buildConfigurations = (
				75C8A0DC2204EA180017E623 /* Debug */,
				75C8A0DD2204EA180017E623 /* Release */,
			);
			defaultConfigurationIsVisible = 0;
			defaultConfigurationName = Release;
		};
/* End XCConfigurationList section */

/* Begin XCVersionGroup section */
		75C8A0BA2204CCCF0017E623 /* UploadKit.xcdatamodeld */ = {
			isa = XCVersionGroup;
			children = (
				75C8A0BB2204CCCF0017E623 /* UploadKit.xcdatamodel */,
			);
			currentVersion = 75C8A0BB2204CCCF0017E623 /* UploadKit.xcdatamodel */;
			path = UploadKit.xcdatamodeld;
			sourceTree = "<group>";
			versionGroupType = wrapper.xcdatamodel;
		};
/* End XCVersionGroup section */
	};
	rootObject = 75247FDC21FB6DC000D8598A /* Project object */;
}
